
Microsoft Visual Studio Solution File, Format Version 12.00
# Visual Studio 14
VisualStudioVersion = 14.0.25420.1
MinimumVisualStudioVersion = 10.0.40219.1
Project("{2150E333-8FDC-42A3-9474-1A3956D46DE8}") = "src", "src", "{107F9811-CF15-4B56-BACB-1BC40F8C4390}"
EndProject
Project("{2150E333-8FDC-42A3-9474-1A3956D46DE8}") = "Solution Items", "Solution Items", "{615E63D5-ABB2-470C-88EB-F613E28F7D48}"
	ProjectSection(SolutionItems) = preProject
		global.json = global.json
		WebEssentials2015-Settings.json = WebEssentials2015-Settings.json
	EndProjectSection
EndProject
Project("{8BB2217D-0F2D-49D1-97BC-3654ED321F3B}") = "PMPET", "src\PMPET\PMPET.xproj", "{6A8035AC-E5FD-499A-90D3-A82253DB9225}"
EndProject
Global
	GlobalSection(SolutionConfigurationPlatforms) = preSolution
		Debug|Any CPU = Debug|Any CPU
		Release|Any CPU = Release|Any CPU
	EndGlobalSection
	GlobalSection(ProjectConfigurationPlatforms) = postSolution
		{6A8035AC-E5FD-499A-90D3-A82253DB9225}.Debug|Any CPU.ActiveCfg = Debug|Any CPU
		{6A8035AC-E5FD-499A-90D3-A82253DB9225}.Debug|Any CPU.Build.0 = Debug|Any CPU
		{6A8035AC-E5FD-499A-90D3-A82253DB9225}.Release|Any CPU.ActiveCfg = Release|Any CPU
		{6A8035AC-E5FD-499A-90D3-A82253DB9225}.Release|Any CPU.Build.0 = Release|Any CPU
		{6A8035AC-E5FD-499A-90D3-A82253DB9225}.Release|Any CPU.Deploy.0 = Release|Any CPU
	EndGlobalSection
	GlobalSection(SolutionProperties) = preSolution
		HideSolutionNode = FALSE
	EndGlobalSection
	GlobalSection(NestedProjects) = preSolution
		{6A8035AC-E5FD-499A-90D3-A82253DB9225} = {107F9811-CF15-4B56-BACB-1BC40F8C4390}
	EndGlobalSection
EndGlobal
